
Microsoft Visual Studio Solution File, Format Version 12.00
# Visual Studio Version 16
VisualStudioVersion = 16.0.29905.134
MinimumVisualStudioVersion = 10.0.40219.1
Project("{9A19103F-16F7-4668-BE54-9A1E7A4F7556}") = "Spam Detection Winforms", "Spam Detection Winforms\Spam Detection Winforms.csproj", "{A9D2C46D-C65C-4F55-90B4-77EA1BFFFEF5}"
EndProject
Project("{9A19103F-16F7-4668-BE54-9A1E7A4F7556}") = "Spam Detection WinformsML.Model", "Spam Detection WinformsML.Model\Spam Detection WinformsML.Model.csproj", "{44384942-E823-49D2-918B-E3061AE03273}"
EndProject
Project("{9A19103F-16F7-4668-BE54-9A1E7A4F7556}") = "Spam Detection WinformsML.ConsoleApp", "Spam Detection WinformsML.ConsoleApp\Spam Detection WinformsML.ConsoleApp.csproj", "{A1483882-89D8-4E6D-9E0C-26F81CCEFC09}"
EndProject
Global
	GlobalSection(SolutionConfigurationPlatforms) = preSolution
		Debug|Any CPU = Debug|Any CPU
		Release|Any CPU = Release|Any CPU
	EndGlobalSection
	GlobalSection(ProjectConfigurationPlatforms) = postSolution
		{A9D2C46D-C65C-4F55-90B4-77EA1BFFFEF5}.Debug|Any CPU.ActiveCfg = Debug|Any CPU
		{A9D2C46D-C65C-4F55-90B4-77EA1BFFFEF5}.Debug|Any CPU.Build.0 = Debug|Any CPU
		{A9D2C46D-C65C-4F55-90B4-77EA1BFFFEF5}.Release|Any CPU.ActiveCfg = Release|Any CPU
		{A9D2C46D-C65C-4F55-90B4-77EA1BFFFEF5}.Release|Any CPU.Build.0 = Release|Any CPU
		{44384942-E823-49D2-918B-E3061AE03273}.Debug|Any CPU.ActiveCfg = Debug|Any CPU
		{44384942-E823-49D2-918B-E3061AE03273}.Debug|Any CPU.Build.0 = Debug|Any CPU
		{44384942-E823-49D2-918B-E3061AE03273}.Release|Any CPU.ActiveCfg = Release|Any CPU
		{44384942-E823-49D2-918B-E3061AE03273}.Release|Any CPU.Build.0 = Release|Any CPU
		{A1483882-89D8-4E6D-9E0C-26F81CCEFC09}.Debug|Any CPU.ActiveCfg = Debug|Any CPU
		{A1483882-89D8-4E6D-9E0C-26F81CCEFC09}.Debug|Any CPU.Build.0 = Debug|Any CPU
		{A1483882-89D8-4E6D-9E0C-26F81CCEFC09}.Release|Any CPU.ActiveCfg = Release|Any CPU
		{A1483882-89D8-4E6D-9E0C-26F81CCEFC09}.Release|Any CPU.Build.0 = Release|Any CPU
	EndGlobalSection
	GlobalSection(SolutionProperties) = preSolution
		HideSolutionNode = FALSE
	EndGlobalSection
	GlobalSection(ExtensibilityGlobals) = postSolution
		SolutionGuid = {4455CFFD-0D1D-4E55-BF5A-A4A21E1D0705}
	EndGlobalSection
EndGlobal
